
Microsoft Visual Studio Solution File, Format Version 12.00
# Visual Studio Version 16
VisualStudioVersion = 16.0.29306.81
MinimumVisualStudioVersion = 10.0.40219.1
Project("{8BC9CEB8-8B4A-11D0-8D11-00A0C91BC942}") = "Rec04", "Rec04.vcxproj", "{149950AD-C7B9-4B7C-9DC5-3F9A0DB593DA}"
EndProject
Global
	GlobalSection(SolutionConfigurationPlatforms) = preSolution
		Debug|x64 = Debug|x64
		Debug|x86 = Debug|x86
		Release|x64 = Release|x64
		Release|x86 = Release|x86
	EndGlobalSection
	GlobalSection(ProjectConfigurationPlatforms) = postSolution
		{149950AD-C7B9-4B7C-9DC5-3F9A0DB593DA}.Debug|x64.ActiveCfg = Debug|x64
		{149950AD-C7B9-4B7C-9DC5-3F9A0DB593DA}.Debug|x64.Build.0 = Debug|x64
		{149950AD-C7B9-4B7C-9DC5-3F9A0DB593DA}.Debug|x86.ActiveCfg = Debug|Win32
		{149950AD-C7B9-4B7C-9DC5-3F9A0DB593DA}.Debug|x86.Build.0 = Debug|Win32
		{149950AD-C7B9-4B7C-9DC5-3F9A0DB593DA}.Release|x64.ActiveCfg = Release|x64
		{149950AD-C7B9-4B7C-9DC5-3F9A0DB593DA}.Release|x64.Build.0 = Release|x64
		{149950AD-C7B9-4B7C-9DC5-3F9A0DB593DA}.Release|x86.ActiveCfg = Release|Win32
		{149950AD-C7B9-4B7C-9DC5-3F9A0DB593DA}.Release|x86.Build.0 = Release|Win32
	EndGlobalSection
	GlobalSection(SolutionProperties) = preSolution
		HideSolutionNode = FALSE
	EndGlobalSection
	GlobalSection(ExtensibilityGlobals) = postSolution
		SolutionGuid = {FF906936-CC5F-474B-937B-193D6E748C6E}
	EndGlobalSection
EndGlobal
